// !$*UTF8*$!
{
	archiveVersion = 1;
	classes = {
	};
	objectVersion = 51;
	objects = {

/* Begin PBXBuildFile section */
		3F2A4FC423C7A730005DFAD6 /* AppDelegate.swift in Sources */ = {isa = PBXBuildFile; fileRef = 3F2A4FC323C7A730005DFAD6 /* AppDelegate.swift */; };
		3F2A4FCB23C7A730005DFAD6 /* Main.storyboard in Resources */ = {isa = PBXBuildFile; fileRef = 3F2A4FC923C7A730005DFAD6 /* Main.storyboard */; };
		3F2A4FCD23C7A731005DFAD6 /* Assets.xcassets in Resources */ = {isa = PBXBuildFile; fileRef = 3F2A4FCC23C7A731005DFAD6 /* Assets.xcassets */; };
		3F2A4FD023C7A731005DFAD6 /* LaunchScreen.storyboard in Resources */ = {isa = PBXBuildFile; fileRef = 3F2A4FCE23C7A731005DFAD6 /* LaunchScreen.storyboard */; };
		3F2A4FD923C7AA89005DFAD6 /* AudioWaveViewController.swift in Sources */ = {isa = PBXBuildFile; fileRef = 3F2A4FD823C7AA89005DFAD6 /* AudioWaveViewController.swift */; };
		3F2A4FDB23C7AACB005DFAD6 /* UIView+Utility.swift in Sources */ = {isa = PBXBuildFile; fileRef = 3F2A4FDA23C7AACB005DFAD6 /* UIView+Utility.swift */; };
		E341A2BC6611AFADBE3EEB44 /* Pods_Terpsikhore.framework in Frameworks */ = {isa = PBXBuildFile; fileRef = 737996686A6156BD2D61E57A /* Pods_Terpsikhore.framework */; };
/* End PBXBuildFile section */

/* Begin PBXFileReference section */
		3F2A4FC023C7A730005DFAD6 /* Terpsikhore.app */ = {isa = PBXFileReference; explicitFileType = wrapper.application; includeInIndex = 0; path = Terpsikhore.app; sourceTree = BUILT_PRODUCTS_DIR; };
		3F2A4FC323C7A730005DFAD6 /* AppDelegate.swift */ = {isa = PBXFileReference; lastKnownFileType = sourcecode.swift; path = AppDelegate.swift; sourceTree = "<group>"; };
		3F2A4FCA23C7A730005DFAD6 /* Base */ = {isa = PBXFileReference; lastKnownFileType = file.storyboard; name = Base; path = Base.lproj/Main.storyboard; sourceTree = "<group>"; };
		3F2A4FCC23C7A731005DFAD6 /* Assets.xcassets */ = {isa = PBXFileReference; lastKnownFileType = folder.assetcatalog; path = Assets.xcassets; sourceTree = "<group>"; };
		3F2A4FCF23C7A731005DFAD6 /* Base */ = {isa = PBXFileReference; lastKnownFileType = file.storyboard; name = Base; path = Base.lproj/LaunchScreen.storyboard; sourceTree = "<group>"; };
		3F2A4FD123C7A731005DFAD6 /* Info.plist */ = {isa = PBXFileReference; lastKnownFileType = text.plist.xml; path = Info.plist; sourceTree = "<group>"; };
		3F2A4FD723C7A73A005DFAD6 /* README.md */ = {isa = PBXFileReference; lastKnownFileType = net.daringfireball.markdown; path = README.md; sourceTree = "<group>"; };
		3F2A4FD823C7AA89005DFAD6 /* AudioWaveViewController.swift */ = {isa = PBXFileReference; fileEncoding = 4; lastKnownFileType = sourcecode.swift; path = AudioWaveViewController.swift; sourceTree = "<group>"; };
		3F2A4FDA23C7AACB005DFAD6 /* UIView+Utility.swift */ = {isa = PBXFileReference; lastKnownFileType = sourcecode.swift; path = "UIView+Utility.swift"; sourceTree = "<group>"; };
		737996686A6156BD2D61E57A /* Pods_Terpsikhore.framework */ = {isa = PBXFileReference; explicitFileType = wrapper.framework; includeInIndex = 0; path = Pods_Terpsikhore.framework; sourceTree = BUILT_PRODUCTS_DIR; };
		7B97EECF962F84C384088ABF /* Pods-Terpsikhore.debug.xcconfig */ = {isa = PBXFileReference; includeInIndex = 1; lastKnownFileType = text.xcconfig; name = "Pods-Terpsikhore.debug.xcconfig"; path = "Target Support Files/Pods-Terpsikhore/Pods-Terpsikhore.debug.xcconfig"; sourceTree = "<group>"; };
		C461D93BD1419DB444449631 /* Pods-Terpsikhore.release.xcconfig */ = {isa = PBXFileReference; includeInIndex = 1; lastKnownFileType = text.xcconfig; name = "Pods-Terpsikhore.release.xcconfig"; path = "Target Support Files/Pods-Terpsikhore/Pods-Terpsikhore.release.xcconfig"; sourceTree = "<group>"; };
/* End PBXFileReference section */

/* Begin PBXFrameworksBuildPhase section */
		3F2A4FBD23C7A730005DFAD6 /* Frameworks */ = {
			isa = PBXFrameworksBuildPhase;
			buildActionMask = 2147483647;
			files = (
				E341A2BC6611AFADBE3EEB44 /* Pods_Terpsikhore.framework in Frameworks */,
			);
			runOnlyForDeploymentPostprocessing = 0;
		};
/* End PBXFrameworksBuildPhase section */

/* Begin PBXGroup section */
		21A4952B386410108E5F3A63 /* Frameworks */ = {
			isa = PBXGroup;
			children = (
				737996686A6156BD2D61E57A /* Pods_Terpsikhore.framework */,
			);
			name = Frameworks;
			sourceTree = "<group>";
		};
		3F2A4FB723C7A730005DFAD6 = {
			isa = PBXGroup;
			children = (
				3F2A4FD723C7A73A005DFAD6 /* README.md */,
				3F2A4FC223C7A730005DFAD6 /* Terpsikhore */,
				3F2A4FC123C7A730005DFAD6 /* Products */,
				E9C673044D520B23C1C28799 /* Pods */,
				21A4952B386410108E5F3A63 /* Frameworks */,
			);
			sourceTree = "<group>";
		};
		3F2A4FC123C7A730005DFAD6 /* Products */ = {
			isa = PBXGroup;
			children = (
				3F2A4FC023C7A730005DFAD6 /* Terpsikhore.app */,
			);
			name = Products;
			sourceTree = "<group>";
		};
		3F2A4FC223C7A730005DFAD6 /* Terpsikhore */ = {
			isa = PBXGroup;
			children = (
				3F2A4FC323C7A730005DFAD6 /* AppDelegate.swift */,
				3F2A4FD823C7AA89005DFAD6 /* AudioWaveViewController.swift */,
				3F2A4FDA23C7AACB005DFAD6 /* UIView+Utility.swift */,
				3F2A4FC923C7A730005DFAD6 /* Main.storyboard */,
				3F2A4FCC23C7A731005DFAD6 /* Assets.xcassets */,
				3F2A4FCE23C7A731005DFAD6 /* LaunchScreen.storyboard */,
				3F2A4FD123C7A731005DFAD6 /* Info.plist */,
			);
			path = Terpsikhore;
			sourceTree = "<group>";
		};
		E9C673044D520B23C1C28799 /* Pods */ = {
			isa = PBXGroup;
			children = (
				7B97EECF962F84C384088ABF /* Pods-Terpsikhore.debug.xcconfig */,
				C461D93BD1419DB444449631 /* Pods-Terpsikhore.release.xcconfig */,
			);
			path = Pods;
			sourceTree = "<group>";
		};
/* End PBXGroup section */

/* Begin PBXNativeTarget section */
		3F2A4FBF23C7A730005DFAD6 /* Terpsikhore */ = {
			isa = PBXNativeTarget;
			buildConfigurationList = 3F2A4FD423C7A731005DFAD6 /* Build configuration list for PBXNativeTarget "Terpsikhore" */;
			buildPhases = (
				1F194056CD91072489870DB3 /* [CP] Check Pods Manifest.lock */,
				3F2A4FBC23C7A730005DFAD6 /* Sources */,
				3F2A4FBD23C7A730005DFAD6 /* Frameworks */,
				3F2A4FBE23C7A730005DFAD6 /* Resources */,
				3F2A4FDC23C7ABC2005DFAD6 /* SwiftLint */,
				37136224BFCBF3AA55989FA0 /* [CP] Embed Pods Frameworks */,
			);
			buildRules = (
			);
			dependencies = (
			);
			name = Terpsikhore;
			productName = Terpsikhore;
			productReference = 3F2A4FC023C7A730005DFAD6 /* Terpsikhore.app */;
			productType = "com.apple.product-type.application";
		};
/* End PBXNativeTarget section */

/* Begin PBXProject section */
		3F2A4FB823C7A730005DFAD6 /* Project object */ = {
			isa = PBXProject;
			attributes = {
				LastSwiftUpdateCheck = 1130;
				LastUpgradeCheck = 1130;
				ORGANIZATIONNAME = Yu;
				TargetAttributes = {
					3F2A4FBF23C7A730005DFAD6 = {
						CreatedOnToolsVersion = 11.3;
					};
				};
			};
			buildConfigurationList = 3F2A4FBB23C7A730005DFAD6 /* Build configuration list for PBXProject "Terpsikhore" */;
			compatibilityVersion = "Xcode 9.3";
			developmentRegion = en;
			hasScannedForEncodings = 0;
			knownRegions = (
				en,
				Base,
			);
			mainGroup = 3F2A4FB723C7A730005DFAD6;
			productRefGroup = 3F2A4FC123C7A730005DFAD6 /* Products */;
			projectDirPath = "";
			projectRoot = "";
			targets = (
				3F2A4FBF23C7A730005DFAD6 /* Terpsikhore */,
			);
		};
/* End PBXProject section */

/* Begin PBXResourcesBuildPhase section */
		3F2A4FBE23C7A730005DFAD6 /* Resources */ = {
			isa = PBXResourcesBuildPhase;
			buildActionMask = 2147483647;
			files = (
				3F2A4FD023C7A731005DFAD6 /* LaunchScreen.storyboard in Resources */,
				3F2A4FCD23C7A731005DFAD6 /* Assets.xcassets in Resources */,
				3F2A4FCB23C7A730005DFAD6 /* Main.storyboard in Resources */,
			);
			runOnlyForDeploymentPostprocessing = 0;
		};
/* End PBXResourcesBuildPhase section */

/* Begin PBXShellScriptBuildPhase section */
		1F194056CD91072489870DB3 /* [CP] Check Pods Manifest.lock */ = {
			isa = PBXShellScriptBuildPhase;
			buildActionMask = 2147483647;
			files = (
			);
			inputFileListPaths = (
			);
			inputPaths = (
				"${PODS_PODFILE_DIR_PATH}/Podfile.lock",
				"${PODS_ROOT}/Manifest.lock",
			);
			name = "[CP] Check Pods Manifest.lock";
			outputFileListPaths = (
			);
			outputPaths = (
				"$(DERIVED_FILE_DIR)/Pods-Terpsikhore-checkManifestLockResult.txt",
			);
			runOnlyForDeploymentPostprocessing = 0;
			shellPath = /bin/sh;
			shellScript = "diff \"${PODS_PODFILE_DIR_PATH}/Podfile.lock\" \"${PODS_ROOT}/Manifest.lock\" > /dev/null\nif [ $? != 0 ] ; then\n    # print error to STDERR\n    echo \"error: The sandbox is not in sync with the Podfile.lock. Run 'pod install' or update your CocoaPods installation.\" >&2\n    exit 1\nfi\n# This output is used by Xcode 'outputs' to avoid re-running this script phase.\necho \"SUCCESS\" > \"${SCRIPT_OUTPUT_FILE_0}\"\n";
			showEnvVarsInLog = 0;
		};
		37136224BFCBF3AA55989FA0 /* [CP] Embed Pods Frameworks */ = {
			isa = PBXShellScriptBuildPhase;
			buildActionMask = 2147483647;
			files = (
			);
			inputFileListPaths = (
				"${PODS_ROOT}/Target Support Files/Pods-Terpsikhore/Pods-Terpsikhore-frameworks-${CONFIGURATION}-input-files.xcfilelist",
			);
			name = "[CP] Embed Pods Frameworks";
			outputFileListPaths = (
				"${PODS_ROOT}/Target Support Files/Pods-Terpsikhore/Pods-Terpsikhore-frameworks-${CONFIGURATION}-output-files.xcfilelist",
			);
			runOnlyForDeploymentPostprocessing = 0;
			shellPath = /bin/sh;
			shellScript = "\"${PODS_ROOT}/Target Support Files/Pods-Terpsikhore/Pods-Terpsikhore-frameworks.sh\"\n";
			showEnvVarsInLog = 0;
		};
		3F2A4FDC23C7ABC2005DFAD6 /* SwiftLint */ = {
			isa = PBXShellScriptBuildPhase;
			buildActionMask = 2147483647;
			files = (
			);
			inputFileListPaths = (
			);
			inputPaths = (
			);
			name = SwiftLint;
			outputFileListPaths = (
			);
			outputPaths = (
			);
			runOnlyForDeploymentPostprocessing = 0;
			shellPath = /bin/sh;
			shellScript = "\"${PODS_ROOT}/SwiftLint/swiftlint\"\n";
		};
/* End PBXShellScriptBuildPhase section */

/* Begin PBXSourcesBuildPhase section */
		3F2A4FBC23C7A730005DFAD6 /* Sources */ = {
			isa = PBXSourcesBuildPhase;
			buildActionMask = 2147483647;
			files = (
				3F2A4FD923C7AA89005DFAD6 /* AudioWaveViewController.swift in Sources */,
				3F2A4FC423C7A730005DFAD6 /* AppDelegate.swift in Sources */,
				3F2A4FDB23C7AACB005DFAD6 /* UIView+Utility.swift in Sources */,
			);
			runOnlyForDeploymentPostprocessing = 0;
		};
/* End PBXSourcesBuildPhase section */

/* Begin PBXVariantGroup section */
		3F2A4FC923C7A730005DFAD6 /* Main.storyboard */ = {
			isa = PBXVariantGroup;
			children = (
				3F2A4FCA23C7A730005DFAD6 /* Base */,
			);
			name = Main.storyboard;
			sourceTree = "<group>";
		};
		3F2A4FCE23C7A731005DFAD6 /* LaunchScreen.storyboard */ = {
			isa = PBXVariantGroup;
			children = (
				3F2A4FCF23C7A731005DFAD6 /* Base */,
			);
			name = LaunchScreen.storyboard;
			sourceTree = "<group>";
		};
/* End PBXVariantGroup section */

/* Begin XCBuildConfiguration section */
		3F2A4FD223C7A731005DFAD6 /* Debug */ = {
			isa = XCBuildConfiguration;
			buildSettings = {
				ALWAYS_SEARCH_USER_PATHS = NO;
				CLANG_ANALYZER_NONNULL = YES;
				CLANG_ANALYZER_NUMBER_OBJECT_CONVERSION = YES_AGGRESSIVE;
				CLANG_CXX_LANGUAGE_STANDARD = "gnu++14";
				CLANG_CXX_LIBRARY = "libc++";
				CLANG_ENABLE_MODULES = YES;
				CLANG_ENABLE_OBJC_ARC = YES;
				CLANG_ENABLE_OBJC_WEAK = YES;
				CLANG_WARN_BLOCK_CAPTURE_AUTORELEASING = YES;
				CLANG_WARN_BOOL_CONVERSION = YES;
				CLANG_WARN_COMMA = YES;
				CLANG_WARN_CONSTANT_CONVERSION = YES;
				CLANG_WARN_DEPRECATED_OBJC_IMPLEMENTATIONS = YES;
				CLANG_WARN_DIRECT_OBJC_ISA_USAGE = YES_ERROR;
				CLANG_WARN_DOCUMENTATION_COMMENTS = YES;
				CLANG_WARN_EMPTY_BODY = YES;
				CLANG_WARN_ENUM_CONVERSION = YES;
				CLANG_WARN_INFINITE_RECURSION = YES;
				CLANG_WARN_INT_CONVERSION = YES;
				CLANG_WARN_NON_LITERAL_NULL_CONVERSION = YES;
				CLANG_WARN_OBJC_IMPLICIT_RETAIN_SELF = YES;
				CLANG_WARN_OBJC_LITERAL_CONVERSION = YES;
				CLANG_WARN_OBJC_ROOT_CLASS = YES_ERROR;
				CLANG_WARN_RANGE_LOOP_ANALYSIS = YES;
				CLANG_WARN_STRICT_PROTOTYPES = YES;
				CLANG_WARN_SUSPICIOUS_MOVE = YES;
				CLANG_WARN_UNGUARDED_AVAILABILITY = YES_AGGRESSIVE;
				CLANG_WARN_UNREACHABLE_CODE = YES;
				CLANG_WARN__DUPLICATE_METHOD_MATCH = YES;
				COPY_PHASE_STRIP = NO;
				DEBUG_INFORMATION_FORMAT = dwarf;
				ENABLE_STRICT_OBJC_MSGSEND = YES;
				ENABLE_TESTABILITY = YES;
				GCC_C_LANGUAGE_STANDARD = gnu11;
				GCC_DYNAMIC_NO_PIC = NO;
				GCC_NO_COMMON_BLOCKS = YES;
				GCC_OPTIMIZATION_LEVEL = 0;
				GCC_PREPROCESSOR_DEFINITIONS = (
					"DEBUG=1",
					"$(inherited)",
				);
				GCC_WARN_64_TO_32_BIT_CONVERSION = YES;
				GCC_WARN_ABOUT_RETURN_TYPE = YES_ERROR;
				GCC_WARN_UNDECLARED_SELECTOR = YES;
				GCC_WARN_UNINITIALIZED_AUTOS = YES_AGGRESSIVE;
				GCC_WARN_UNUSED_FUNCTION = YES;
				GCC_WARN_UNUSED_VARIABLE = YES;
				IPHONEOS_DEPLOYMENT_TARGET = 13.2;
				MTL_ENABLE_DEBUG_INFO = INCLUDE_SOURCE;
				MTL_FAST_MATH = YES;
				ONLY_ACTIVE_ARCH = YES;
				SDKROOT = iphoneos;
				SWIFT_ACTIVE_COMPILATION_CONDITIONS = DEBUG;
				SWIFT_OPTIMIZATION_LEVEL = "-Onone";
			};
			name = Debug;
		};
		3F2A4FD323C7A731005DFAD6 /* Release */ = {
			isa = XCBuildConfiguration;
			buildSettings = {
				ALWAYS_SEARCH_USER_PATHS = NO;
				CLANG_ANALYZER_NONNULL = YES;
				CLANG_ANALYZER_NUMBER_OBJECT_CONVERSION = YES_AGGRESSIVE;
				CLANG_CXX_LANGUAGE_STANDARD = "gnu++14";
				CLANG_CXX_LIBRARY = "libc++";
				CLANG_ENABLE_MODULES = YES;
				CLANG_ENABLE_OBJC_ARC = YES;
				CLANG_ENABLE_OBJC_WEAK = YES;
				CLANG_WARN_BLOCK_CAPTURE_AUTORELEASING = YES;
				CLANG_WARN_BOOL_CONVERSION = YES;
				CLANG_WARN_COMMA = YES;
				CLANG_WARN_CONSTANT_CONVERSION = YES;
				CLANG_WARN_DEPRECATED_OBJC_IMPLEMENTATIONS = YES;
				CLANG_WARN_DIRECT_OBJC_ISA_USAGE = YES_ERROR;
				CLANG_WARN_DOCUMENTATION_COMMENTS = YES;
				CLANG_WARN_EMPTY_BODY = YES;
				CLANG_WARN_ENUM_CONVERSION = YES;
				CLANG_WARN_INFINITE_RECURSION = YES;
				CLANG_WARN_INT_CONVERSION = YES;
				CLANG_WARN_NON_LITERAL_NULL_CONVERSION = YES;
				CLANG_WARN_OBJC_IMPLICIT_RETAIN_SELF = YES;
				CLANG_WARN_OBJC_LITERAL_CONVERSION = YES;
				CLANG_WARN_OBJC_ROOT_CLASS = YES_ERROR;
				CLANG_WARN_RANGE_LOOP_ANALYSIS = YES;
				CLANG_WARN_STRICT_PROTOTYPES = YES;
				CLANG_WARN_SUSPICIOUS_MOVE = YES;
				CLANG_WARN_UNGUARDED_AVAILABILITY = YES_AGGRESSIVE;
				CLANG_WARN_UNREACHABLE_CODE = YES;
				CLANG_WARN__DUPLICATE_METHOD_MATCH = YES;
				COPY_PHASE_STRIP = NO;
				DEBUG_INFORMATION_FORMAT = "dwarf-with-dsym";
				ENABLE_NS_ASSERTIONS = NO;
				ENABLE_STRICT_OBJC_MSGSEND = YES;
				GCC_C_LANGUAGE_STANDARD = gnu11;
				GCC_NO_COMMON_BLOCKS = YES;
				GCC_WARN_64_TO_32_BIT_CONVERSION = YES;
				GCC_WARN_ABOUT_RETURN_TYPE = YES_ERROR;
				GCC_WARN_UNDECLARED_SELECTOR = YES;
				GCC_WARN_UNINITIALIZED_AUTOS = YES_AGGRESSIVE;
				GCC_WARN_UNUSED_FUNCTION = YES;
				GCC_WARN_UNUSED_VARIABLE = YES;
				IPHONEOS_DEPLOYMENT_TARGET = 13.2;
				MTL_ENABLE_DEBUG_INFO = NO;
				MTL_FAST_MATH = YES;
				SDKROOT = iphoneos;
				SWIFT_COMPILATION_MODE = wholemodule;
				SWIFT_OPTIMIZATION_LEVEL = "-O";
				VALIDATE_PRODUCT = YES;
			};
			name = Release;
		};
		3F2A4FD523C7A731005DFAD6 /* Debug */ = {
			isa = XCBuildConfiguration;
			baseConfigurationReference = 7B97EECF962F84C384088ABF /* Pods-Terpsikhore.debug.xcconfig */;
			buildSettings = {
				ASSETCATALOG_COMPILER_APPICON_NAME = AppIcon;
				CODE_SIGN_STYLE = Automatic;
				INFOPLIST_FILE = Terpsikhore/Info.plist;
				IPHONEOS_DEPLOYMENT_TARGET = 11.0;
				LD_RUNPATH_SEARCH_PATHS = (
					"$(inherited)",
					"@executable_path/Frameworks",
				);
				PRODUCT_BUNDLE_IDENTIFIER = yu.Terpsikhore;
				PRODUCT_NAME = "$(TARGET_NAME)";
				SWIFT_VERSION = 5.0;
				TARGETED_DEVICE_FAMILY = "1,2";
			};
			name = Debug;
		};
		3F2A4FD623C7A731005DFAD6 /* Release */ = {
			isa = XCBuildConfiguration;
			baseConfigurationReference = C461D93BD1419DB444449631 /* Pods-Terpsikhore.release.xcconfig */;
			buildSettings = {
				ASSETCATALOG_COMPILER_APPICON_NAME = AppIcon;
				CODE_SIGN_STYLE = Automatic;
				INFOPLIST_FILE = Terpsikhore/Info.plist;
				IPHONEOS_DEPLOYMENT_TARGET = 11.0;
				LD_RUNPATH_SEARCH_PATHS = (
					"$(inherited)",
					"@executable_path/Frameworks",
				);
				PRODUCT_BUNDLE_IDENTIFIER = yu.Terpsikhore;
				PRODUCT_NAME = "$(TARGET_NAME)";
				SWIFT_VERSION = 5.0;
				TARGETED_DEVICE_FAMILY = "1,2";
			};
			name = Release;
		};
/* End XCBuildConfiguration section */

/* Begin XCConfigurationList section */
		3F2A4FBB23C7A730005DFAD6 /* Build configuration list for PBXProject "Terpsikhore" */ = {
			isa = XCConfigurationList;
			buildConfigurations = (
				3F2A4FD223C7A731005DFAD6 /* Debug */,
				3F2A4FD323C7A731005DFAD6 /* Release */,
			);
			defaultConfigurationIsVisible = 0;
			defaultConfigurationName = Release;
		};
		3F2A4FD423C7A731005DFAD6 /* Build configuration list for PBXNativeTarget "Terpsikhore" */ = {
			isa = XCConfigurationList;
			buildConfigurations = (
				3F2A4FD523C7A731005DFAD6 /* Debug */,
				3F2A4FD623C7A731005DFAD6 /* Release */,
			);
			defaultConfigurationIsVisible = 0;
			defaultConfigurationName = Release;
		};
/* End XCConfigurationList section */
	};
	rootObject = 3F2A4FB823C7A730005DFAD6 /* Project object */;
}
